dependencies:
- name: common
  repository: file://../../common
  version: 1.0.0
- name: app
  repository: file://../../components/app
  version: 1.0.0
- name: cms
  repository: file://../../components/cms
  version: 1.0.0
- name: cms-db
  repository: file://../../components/cms-db
  version: 1.0.0
- name: pms
  repository: file://../../components/pms
  version: 1.0.0
- name: pms-db
  repository: file://../../components/pms-db
  version: 1.0.0
- name: oms
  repository: file://../../components/oms
  version: 1.0.0
- name: oms-db
  repository: file://../../components/oms-db
  version: 1.0.0
- name: sms
  repository: file://../../components/sms
  version: 1.0.0
- name: sms-db
  repository: file://../../components/sms-db
  version: 1.0.0
- name: ums
  repository: file://../../components/ums
  version: 1.0.0
- name: ums-db
  repository: file://../../components/ums-db
  version: 1.0.0
- name: auth-server
  repository: file://../../components/auth-server
  version: 1.0.0
- name: auth-db
  repository: file://../../components/auth-db
  version: 1.0.0
- name: rabbitmq
  repository: file://../../components/rabbitmq
  version: 1.0.0
- name: redis
  repository: file://../../components/redis
  version: 1.0.0
- name: mongodb
  repository: file://../../components/mongodb
  version: 1.0.0
- name: zipkin
  repository: file://../../components/zipkin
  version: 1.0.0
- name: elasticsearch
  repository: file://../../components/elasticsearch
  version: 1.0.0
- name: kibana
  repository: file://../../components/kibana
  version: 1.0.0
- name: logstash
  repository: file://../../components/logstash
  version: 1.0.0
- name: search
  repository: file://../../components/search
  version: 1.0.0
digest: sha256:f50a7280ac4e7f0806b67f3617297b59e67dd879739a81902b4c58e434f9aa57
generated: "2023-11-17T18:01:29.168907145-05:00"
